{
  "version": "5",
  "specifiers": {
    "jsr:@std/cli@*": "1.0.17",
    "npm:marked@12": "12.0.2",
    "npm:shiki@1": "1.29.2",
    "npm:tree-sitter-c@0.21": "0.21.4_tree-sitter@0.21.1",
    "npm:tree-sitter-javascript@0.21": "0.21.4_tree-sitter@0.21.1",
    "npm:tree-sitter-linkerscript@1": "1.0.0",
    "npm:tree-sitter@0.21": "0.21.1"
  },
  "jsr": {
    "@std/cli@1.0.17": {
      "integrity": "e15b9abe629e17be90cc6216327f03a29eae613365f1353837fa749aad29ce7b"
    }
  },
  "npm": {
    "@shikijs/core@1.29.2": {
      "integrity": "sha512-vju0lY9r27jJfOY4Z7+Rt/nIOjzJpZ3y+nYpqtUZInVoXQ/TJZcfGnNOGnKjFdVZb8qexiCuSlZRKcGfhhTTZQ==",
      "dependencies": [
        "@shikijs/engine-javascript",
        "@shikijs/engine-oniguruma",
        "@shikijs/types",
        "@shikijs/vscode-textmate",
        "@types/hast",
        "hast-util-to-html"
      ]
    },
    "@shikijs/engine-javascript@1.29.2": {
      "integrity": "sha512-iNEZv4IrLYPv64Q6k7EPpOCE/nuvGiKl7zxdq0WFuRPF5PAE9PRo2JGq/d8crLusM59BRemJ4eOqrFrC4wiQ+A==",
      "dependencies": [
        "@shikijs/types",
        "@shikijs/vscode-textmate",
        "oniguruma-to-es"
      ]
    },
    "@shikijs/engine-oniguruma@1.29.2": {
      "integrity": "sha512-7iiOx3SG8+g1MnlzZVDYiaeHe7Ez2Kf2HrJzdmGwkRisT7r4rak0e655AcM/tF9JG/kg5fMNYlLLKglbN7gBqA==",
      "dependencies": [
        "@shikijs/types",
        "@shikijs/vscode-textmate"
      ]
    },
    "@shikijs/langs@1.29.2": {
      "integrity": "sha512-FIBA7N3LZ+223U7cJDUYd5shmciFQlYkFXlkKVaHsCPgfVLiO+e12FmQE6Tf9vuyEsFe3dIl8qGWKXgEHL9wmQ==",
      "dependencies": [
        "@shikijs/types"
      ]
    },
    "@shikijs/themes@1.29.2": {
      "integrity": "sha512-i9TNZlsq4uoyqSbluIcZkmPL9Bfi3djVxRnofUHwvx/h6SRW3cwgBC5SML7vsDcWyukY0eCzVN980rqP6qNl9g==",
      "dependencies": [
        "@shikijs/types"
      ]
    },
    "@shikijs/types@1.29.2": {
      "integrity": "sha512-VJjK0eIijTZf0QSTODEXCqinjBn0joAHQ+aPSBzrv4O2d/QSbsMw+ZeSRx03kV34Hy7NzUvV/7NqfYGRLrASmw==",
      "dependencies": [
        "@shikijs/vscode-textmate",
        "@types/hast"
      ]
    },
    "@shikijs/vscode-textmate@10.0.2": {
      "integrity": "sha512-83yeghZ2xxin3Nj8z1NMd/NCuca+gsYXswywDy5bHvwlWL8tpTQmzGeUuHd9FC3E/SBEMvzJRwWEOz5gGes9Qg=="
    },
    "@types/hast@3.0.4": {
      "integrity": "sha512-WPs+bbQw5aCj+x6laNGWLH3wviHtoCv/P3+otBhbOhJgG8qtpdAMlTCxLtsTWA7LH1Oh/bFCHsBn0TPS5m30EQ==",
      "dependencies": [
        "@types/unist"
      ]
    },
    "@types/mdast@4.0.4": {
      "integrity": "sha512-kGaNbPh1k7AFzgpud/gMdvIm5xuECykRR+JnWKQno9TAXVa6WIVCGTPvYGekIDL4uwCZQSYbUxNBSb1aUo79oA==",
      "dependencies": [
        "@types/unist"
      ]
    },
    "@types/unist@3.0.3": {
      "integrity": "sha512-ko/gIFJRv177XgZsZcBwnqJN5x/Gien8qNOn0D5bQU/zAzVf9Zt3BlcUiLqhV9y4ARk0GbT3tnUiPNgnTXzc/Q=="
    },
    "@ungap/structured-clone@1.3.0": {
      "integrity": "sha512-WmoN8qaIAo7WTYWbAZuG8PYEhn5fkz7dZrqTBZ7dtt//lL2Gwms1IcnQ5yHqjDfX8Ft5j4YzDM23f87zBfDe9g=="
    },
    "ccount@2.0.1": {
      "integrity": "sha512-eyrF0jiFpY+3drT6383f1qhkbGsLSifNAjA61IUjZjmLCWjItY6LB9ft9YhoDgwfmclB2zhu51Lc7+95b8NRAg=="
    },
    "character-entities-html4@2.1.0": {
      "integrity": "sha512-1v7fgQRj6hnSwFpq1Eu0ynr/CDEw0rXo2B61qXrLNdHZmPKgb7fqS1a2JwF0rISo9q77jDI8VMEHoApn8qDoZA=="
    },
    "character-entities-legacy@3.0.0": {
      "integrity": "sha512-RpPp0asT/6ufRm//AJVwpViZbGM/MkjQFxJccQRHmISF/22NBtsHqAWmL+/pmkPWoIUJdWyeVleTl1wydHATVQ=="
    },
    "comma-separated-tokens@2.0.3": {
      "integrity": "sha512-Fu4hJdvzeylCfQPp9SGWidpzrMs7tTrlu6Vb8XGaRGck8QSNZJJp538Wrb60Lax4fPwR64ViY468OIUTbRlGZg=="
    },
    "dequal@2.0.3": {
      "integrity": "sha512-0je+qPKHEMohvfRTCEo3CrPG6cAzAYgmzKyxRiYSSDkS6eGJdyVJm7WaYA5ECaAD9wLB2T4EEeymA5aFVcYXCA=="
    },
    "devlop@1.1.0": {
      "integrity": "sha512-RWmIqhcFf1lRYBvNmr7qTNuyCt/7/ns2jbpp1+PalgE/rDQcBT0fioSMUpJ93irlUhC5hrg4cYqe6U+0ImW0rA==",
      "dependencies": [
        "dequal"
      ]
    },
    "emoji-regex-xs@1.0.0": {
      "integrity": "sha512-LRlerrMYoIDrT6jgpeZ2YYl/L8EulRTt5hQcYjy5AInh7HWXKimpqx68aknBFpGL2+/IcogTcaydJEgaTmOpDg=="
    },
    "hast-util-to-html@9.0.5": {
      "integrity": "sha512-OguPdidb+fbHQSU4Q4ZiLKnzWo8Wwsf5bZfbvu7//a9oTYoqD/fWpe96NuHkoS9h0ccGOTe0C4NGXdtS0iObOw==",
      "dependencies": [
        "@types/hast",
        "@types/unist",
        "ccount",
        "comma-separated-tokens",
        "hast-util-whitespace",
        "html-void-elements",
        "mdast-util-to-hast",
        "property-information",
        "space-separated-tokens",
        "stringify-entities",
        "zwitch"
      ]
    },
    "hast-util-whitespace@3.0.0": {
      "integrity": "sha512-88JUN06ipLwsnv+dVn+OIYOvAuvBMy/Qoi6O7mQHxdPXpjy+Cd6xRkWwux7DKO+4sYILtLBRIKgsdpS2gQc7qw==",
      "dependencies": [
        "@types/hast"
      ]
    },
    "html-void-elements@3.0.0": {
      "integrity": "sha512-bEqo66MRXsUGxWHV5IP0PUiAWwoEjba4VCzg0LjFJBpchPaTfyfCKTG6bc5F8ucKec3q5y6qOdGyYTSBEvhCrg=="
    },
    "marked@12.0.2": {
      "integrity": "sha512-qXUm7e/YKFoqFPYPa3Ukg9xlI5cyAtGmyEIzMfW//m6kXwCy2Ps9DYf5ioijFKQ8qyuscrHoY04iJGctu2Kg0Q==",
      "bin": true
    },
    "mdast-util-to-hast@13.2.0": {
      "integrity": "sha512-QGYKEuUsYT9ykKBCMOEDLsU5JRObWQusAolFMeko/tYPufNkRffBAQjIE+99jbA87xv6FgmjLtwjh9wBWajwAA==",
      "dependencies": [
        "@types/hast",
        "@types/mdast",
        "@ungap/structured-clone",
        "devlop",
        "micromark-util-sanitize-uri",
        "trim-lines",
        "unist-util-position",
        "unist-util-visit",
        "vfile"
      ]
    },
    "micromark-util-character@2.1.1": {
      "integrity": "sha512-wv8tdUTJ3thSFFFJKtpYKOYiGP2+v96Hvk4Tu8KpCAsTMs6yi+nVmGh1syvSCsaxz45J6Jbw+9DD6g97+NV67Q==",
      "dependencies": [
        "micromark-util-symbol",
        "micromark-util-types"
      ]
    },
    "micromark-util-encode@2.0.1": {
      "integrity": "sha512-c3cVx2y4KqUnwopcO9b/SCdo2O67LwJJ/UyqGfbigahfegL9myoEFoDYZgkT7f36T0bLrM9hZTAaAyH+PCAXjw=="
    },
    "micromark-util-sanitize-uri@2.0.1": {
      "integrity": "sha512-9N9IomZ/YuGGZZmQec1MbgxtlgougxTodVwDzzEouPKo3qFWvymFHWcnDi2vzV1ff6kas9ucW+o3yzJK9YB1AQ==",
      "dependencies": [
        "micromark-util-character",
        "micromark-util-encode",
        "micromark-util-symbol"
      ]
    },
    "micromark-util-symbol@2.0.1": {
      "integrity": "sha512-vs5t8Apaud9N28kgCrRUdEed4UJ+wWNvicHLPxCa9ENlYuAY31M0ETy5y1vA33YoNPDFTghEbnh6efaE8h4x0Q=="
    },
    "micromark-util-types@2.0.2": {
      "integrity": "sha512-Yw0ECSpJoViF1qTU4DC6NwtC4aWGt1EkzaQB8KPPyCRR8z9TWeV0HbEFGTO+ZY1wB22zmxnJqhPyTpOVCpeHTA=="
    },
    "nan@2.23.0": {
      "integrity": "sha512-1UxuyYGdoQHcGg87Lkqm3FzefucTa0NAiOcuRsDmysep3c1LVCRK2krrUDafMWtjSG04htvAmvg96+SDknOmgQ=="
    },
    "node-addon-api@8.5.0": {
      "integrity": "sha512-/bRZty2mXUIFY/xU5HLvveNHlswNJej+RnxBjOMkidWfwZzgTbPG1E3K5TOxRLOR+5hX7bSofy8yf1hZevMS8A=="
    },
    "node-gyp-build@4.8.4": {
      "integrity": "sha512-LA4ZjwlnUblHVgq0oBF3Jl/6h/Nvs5fzBLwdEF4nuxnFdsfajde4WfxtJr3CaiH+F6ewcIB/q4jQ4UzPyid+CQ==",
      "bin": true
    },
    "oniguruma-to-es@2.3.0": {
      "integrity": "sha512-bwALDxriqfKGfUufKGGepCzu9x7nJQuoRoAFp4AnwehhC2crqrDIAP/uN2qdlsAvSMpeRC3+Yzhqc7hLmle5+g==",
      "dependencies": [
        "emoji-regex-xs",
        "regex",
        "regex-recursion"
      ]
    },
    "property-information@7.1.0": {
      "integrity": "sha512-TwEZ+X+yCJmYfL7TPUOcvBZ4QfoT5YenQiJuX//0th53DE6w0xxLEtfK3iyryQFddXuvkIk51EEgrJQ0WJkOmQ=="
    },
    "regex-recursion@5.1.1": {
      "integrity": "sha512-ae7SBCbzVNrIjgSbh7wMznPcQel1DNlDtzensnFxpiNpXt1U2ju/bHugH422r+4LAVS1FpW1YCwilmnNsjum9w==",
      "dependencies": [
        "regex",
        "regex-utilities"
      ]
    },
    "regex-utilities@2.3.0": {
      "integrity": "sha512-8VhliFJAWRaUiVvREIiW2NXXTmHs4vMNnSzuJVhscgmGav3g9VDxLrQndI3dZZVVdp0ZO/5v0xmX516/7M9cng=="
    },
    "regex@5.1.1": {
      "integrity": "sha512-dN5I359AVGPnwzJm2jN1k0W9LPZ+ePvoOeVMMfqIMFz53sSwXkxaJoxr50ptnsC771lK95BnTrVSZxq0b9yCGw==",
      "dependencies": [
        "regex-utilities"
      ]
    },
    "shiki@1.29.2": {
      "integrity": "sha512-njXuliz/cP+67jU2hukkxCNuH1yUi4QfdZZY+sMr5PPrIyXSu5iTb/qYC4BiWWB0vZ+7TbdvYUCeL23zpwCfbg==",
      "dependencies": [
        "@shikijs/core",
        "@shikijs/engine-javascript",
        "@shikijs/engine-oniguruma",
        "@shikijs/langs",
        "@shikijs/themes",
        "@shikijs/types",
        "@shikijs/vscode-textmate",
        "@types/hast"
      ]
    },
    "space-separated-tokens@2.0.2": {
      "integrity": "sha512-PEGlAwrG8yXGXRjW32fGbg66JAlOAwbObuqVoJpv/mRgoWDQfgH1wDPvtzWyUSNAXBGSk8h755YDbbcEy3SH2Q=="
    },
    "stringify-entities@4.0.4": {
      "integrity": "sha512-IwfBptatlO+QCJUo19AqvrPNqlVMpW9YEL2LIVY+Rpv2qsjCGxaDLNRgeGsQWJhfItebuJhsGSLjaBbNSQ+ieg==",
      "dependencies": [
        "character-entities-html4",
        "character-entities-legacy"
      ]
    },
    "tree-sitter-c@0.21.4_tree-sitter@0.21.1": {
      "integrity": "sha512-IahxFIhXiY15SUlrt2upBiKSBGdOaE1fjKLK1Ik5zxqGHf6T1rvr3IJrovbsE5sXhypx7Hnmf50gshsppaIihA==",
      "dependencies": [
        "node-addon-api",
        "node-gyp-build",
        "tree-sitter"
      ],
      "scripts": true
    },
    "tree-sitter-javascript@0.21.4_tree-sitter@0.21.1": {
      "integrity": "sha512-Lrk8yahebwrwc1sWJE9xPcz1OnnqiEV7Dh5fbN6EN3wNAdu9r06HpTqLqDwUUbnG4EB46Sfk+FJFAOldfoKLOw==",
      "dependencies": [
        "node-addon-api",
        "node-gyp-build",
        "tree-sitter"
      ],
      "scripts": true
    },
    "tree-sitter-linkerscript@1.0.0": {
      "integrity": "sha512-qovIkIHWZLIk7cYbXh2VwoWO8EVqPupXLAAy2OznNlPe8oISvClvdpBhtCxWBdTYoGZLikAjtwhJtSmEiHujrA==",
      "dependencies": [
        "nan"
      ],
      "scripts": true
    },
    "tree-sitter@0.21.1": {
      "integrity": "sha512-7dxoA6kYvtgWw80265MyqJlkRl4yawIjO7S5MigytjELkX43fV2WsAXzsNfO7sBpPPCF5Gp0+XzHk0DwLCq3xQ==",
      "dependencies": [
        "node-addon-api",
        "node-gyp-build"
      ],
      "scripts": true
    },
    "trim-lines@3.0.1": {
      "integrity": "sha512-kRj8B+YHZCc9kQYdWfJB2/oUl9rA99qbowYYBtr4ui4mZyAQ2JpvVBd/6U2YloATfqBhBTSMhTpgBHtU0Mf3Rg=="
    },
    "unist-util-is@6.0.0": {
      "integrity": "sha512-2qCTHimwdxLfz+YzdGfkqNlH0tLi9xjTnHddPmJwtIG9MGsdbutfTc4P+haPD7l7Cjxf/WZj+we5qfVPvvxfYw==",
      "dependencies": [
        "@types/unist"
      ]
    },
    "unist-util-position@5.0.0": {
      "integrity": "sha512-fucsC7HjXvkB5R3kTCO7kUjRdrS0BJt3M/FPxmHMBOm8JQi2BsHAHFsy27E0EolP8rp0NzXsJ+jNPyDWvOJZPA==",
      "dependencies": [
        "@types/unist"
      ]
    },
    "unist-util-stringify-position@4.0.0": {
      "integrity": "sha512-0ASV06AAoKCDkS2+xw5RXJywruurpbC4JZSm7nr7MOt1ojAzvyyaO+UxZf18j8FCF6kmzCZKcAgN/yu2gm2XgQ==",
      "dependencies": [
        "@types/unist"
      ]
    },
    "unist-util-visit-parents@6.0.1": {
      "integrity": "sha512-L/PqWzfTP9lzzEa6CKs0k2nARxTdZduw3zyh8d2NVBnsyvHjSX4TWse388YrrQKbvI8w20fGjGlhgT96WwKykw==",
      "dependencies": [
        "@types/unist",
        "unist-util-is"
      ]
    },
    "unist-util-visit@5.0.0": {
      "integrity": "sha512-MR04uvD+07cwl/yhVuVWAtw+3GOR/knlL55Nd/wAdblk27GCVt3lqpTivy/tkJcZoNPzTwS1Y+KMojlLDhoTzg==",
      "dependencies": [
        "@types/unist",
        "unist-util-is",
        "unist-util-visit-parents"
      ]
    },
    "vfile-message@4.0.3": {
      "integrity": "sha512-QTHzsGd1EhbZs4AsQ20JX1rC3cOlt/IWJruk893DfLRr57lcnOeMaWG4K0JrRta4mIJZKth2Au3mM3u03/JWKw==",
      "dependencies": [
        "@types/unist",
        "unist-util-stringify-position"
      ]
    },
    "vfile@6.0.3": {
      "integrity": "sha512-KzIbH/9tXat2u30jf+smMwFCsno4wHVdNmzFyL+T/L3UGqqk6JKfVqOFOZEpZSHADH1k40ab6NUIXZq422ov3Q==",
      "dependencies": [
        "@types/unist",
        "vfile-message"
      ]
    },
    "zwitch@2.0.4": {
      "integrity": "sha512-bXE4cR/kVZhKZX/RjPEflHaKVhUVl85noU3v6b8apfQEc1x4A+zBxjZ4lN8LqGd6WZ3dl98pY4o717VFmoPp+A=="
    }
  },
  "remote": {
    "https://deno.land/std@0.224.0/assert/_constants.ts": "a271e8ef5a573f1df8e822a6eb9d09df064ad66a4390f21b3e31f820a38e0975",
    "https://deno.land/std@0.224.0/assert/assert.ts": "09d30564c09de846855b7b071e62b5974b001bb72a4b797958fe0660e7849834",
    "https://deno.land/std@0.224.0/assert/assert_almost_equals.ts": "9e416114322012c9a21fa68e187637ce2d7df25bcbdbfd957cd639e65d3cf293",
    "https://deno.land/std@0.224.0/assert/assert_array_includes.ts": "14c5094471bc8e4a7895fc6aa5a184300d8a1879606574cb1cd715ef36a4a3c7",
    "https://deno.land/std@0.224.0/assert/assert_equals.ts": "3bbca947d85b9d374a108687b1a8ba3785a7850436b5a8930d81f34a32cb8c74",
    "https://deno.land/std@0.224.0/assert/assert_exists.ts": "43420cf7f956748ae6ed1230646567b3593cb7a36c5a5327269279c870c5ddfd",
    "https://deno.land/std@0.224.0/assert/assert_false.ts": "3e9be8e33275db00d952e9acb0cd29481a44fa0a4af6d37239ff58d79e8edeff",
    "https://deno.land/std@0.224.0/assert/assert_greater.ts": "5e57b201fd51b64ced36c828e3dfd773412c1a6120c1a5a99066c9b261974e46",
    "https://deno.land/std@0.224.0/assert/assert_greater_or_equal.ts": "9870030f997a08361b6f63400273c2fb1856f5db86c0c3852aab2a002e425c5b",
    "https://deno.land/std@0.224.0/assert/assert_instance_of.ts": "e22343c1fdcacfaea8f37784ad782683ec1cf599ae9b1b618954e9c22f376f2c",
    "https://deno.land/std@0.224.0/assert/assert_is_error.ts": "f856b3bc978a7aa6a601f3fec6603491ab6255118afa6baa84b04426dd3cc491",
    "https://deno.land/std@0.224.0/assert/assert_less.ts": "60b61e13a1982865a72726a5fa86c24fad7eb27c3c08b13883fb68882b307f68",
    "https://deno.land/std@0.224.0/assert/assert_less_or_equal.ts": "d2c84e17faba4afe085e6c9123a63395accf4f9e00150db899c46e67420e0ec3",
    "https://deno.land/std@0.224.0/assert/assert_match.ts": "ace1710dd3b2811c391946954234b5da910c5665aed817943d086d4d4871a8b7",
    "https://deno.land/std@0.224.0/assert/assert_not_equals.ts": "78d45dd46133d76ce624b2c6c09392f6110f0df9b73f911d20208a68dee2ef29",
    "https://deno.land/std@0.224.0/assert/assert_not_instance_of.ts": "3434a669b4d20cdcc5359779301a0588f941ffdc2ad68803c31eabdb4890cf7a",
    "https://deno.land/std@0.224.0/assert/assert_not_match.ts": "df30417240aa2d35b1ea44df7e541991348a063d9ee823430e0b58079a72242a",
    "https://deno.land/std@0.224.0/assert/assert_not_strict_equals.ts": "37f73880bd672709373d6dc2c5f148691119bed161f3020fff3548a0496f71b8",
    "https://deno.land/std@0.224.0/assert/assert_object_match.ts": "411450fd194fdaabc0089ae68f916b545a49d7b7e6d0026e84a54c9e7eed2693",
    "https://deno.land/std@0.224.0/assert/assert_rejects.ts": "4bee1d6d565a5b623146a14668da8f9eb1f026a4f338bbf92b37e43e0aa53c31",
    "https://deno.land/std@0.224.0/assert/assert_strict_equals.ts": "b4f45f0fd2e54d9029171876bd0b42dd9ed0efd8f853ab92a3f50127acfa54f5",
    "https://deno.land/std@0.224.0/assert/assert_string_includes.ts": "496b9ecad84deab72c8718735373feb6cdaa071eb91a98206f6f3cb4285e71b8",
    "https://deno.land/std@0.224.0/assert/assert_throws.ts": "c6508b2879d465898dab2798009299867e67c570d7d34c90a2d235e4553906eb",
    "https://deno.land/std@0.224.0/assert/assertion_error.ts": "ba8752bd27ebc51f723702fac2f54d3e94447598f54264a6653d6413738a8917",
    "https://deno.land/std@0.224.0/assert/equal.ts": "bddf07bb5fc718e10bb72d5dc2c36c1ce5a8bdd3b647069b6319e07af181ac47",
    "https://deno.land/std@0.224.0/assert/fail.ts": "0eba674ffb47dff083f02ced76d5130460bff1a9a68c6514ebe0cdea4abadb68",
    "https://deno.land/std@0.224.0/assert/mod.ts": "48b8cb8a619ea0b7958ad7ee9376500fe902284bb36f0e32c598c3dc34cbd6f3",
    "https://deno.land/std@0.224.0/assert/unimplemented.ts": "8c55a5793e9147b4f1ef68cd66496b7d5ba7a9e7ca30c6da070c1a58da723d73",
    "https://deno.land/std@0.224.0/assert/unreachable.ts": "5ae3dbf63ef988615b93eb08d395dda771c96546565f9e521ed86f6510c29e19",
    "https://deno.land/std@0.224.0/fmt/colors.ts": "508563c0659dd7198ba4bbf87e97f654af3c34eb56ba790260f252ad8012e1c5",
    "https://deno.land/std@0.224.0/fs/_get_file_info_type.ts": "da7bec18a7661dba360a1db475b826b18977582ce6fc9b25f3d4ee0403fe8cbd",
    "https://deno.land/std@0.224.0/fs/_to_path_string.ts": "29bfc9c6c112254961d75cbf6ba814d6de5349767818eb93090cecfa9665591e",
    "https://deno.land/std@0.224.0/fs/ensure_dir.ts": "51a6279016c65d2985f8803c848e2888e206d1b510686a509fa7cc34ce59d29f",
    "https://deno.land/std@0.224.0/fs/ensure_file.ts": "67608cf550529f3d4aa1f8b6b36bf817bdc40b14487bf8f60e61cbf68f507cf3",
    "https://deno.land/std@0.224.0/internal/diff.ts": "6234a4b493ebe65dc67a18a0eb97ef683626a1166a1906232ce186ae9f65f4e6",
    "https://deno.land/std@0.224.0/internal/format.ts": "0a98ee226fd3d43450245b1844b47003419d34d210fa989900861c79820d21c2",
    "https://deno.land/std@0.224.0/internal/mod.ts": "534125398c8e7426183e12dc255bb635d94e06d0f93c60a297723abe69d3b22e",
    "https://deno.land/std@0.224.0/path/_common/assert_path.ts": "dbdd757a465b690b2cc72fc5fb7698c51507dec6bfafce4ca500c46b76ff7bd8",
    "https://deno.land/std@0.224.0/path/_common/constants.ts": "dc5f8057159f4b48cd304eb3027e42f1148cf4df1fb4240774d3492b5d12ac0c",
    "https://deno.land/std@0.224.0/path/_common/dirname.ts": "684df4aa71a04bbcc346c692c8485594fc8a90b9408dfbc26ff32cf3e0c98cc8",
    "https://deno.land/std@0.224.0/path/_common/from_file_url.ts": "d672bdeebc11bf80e99bf266f886c70963107bdd31134c4e249eef51133ceccf",
    "https://deno.land/std@0.224.0/path/_common/normalize_string.ts": "33edef773c2a8e242761f731adeb2bd6d683e9c69e4e3d0092985bede74f4ac3",
    "https://deno.land/std@0.224.0/path/_common/strip_trailing_separators.ts": "7024a93447efcdcfeaa9339a98fa63ef9d53de363f1fbe9858970f1bba02655a",
    "https://deno.land/std@0.224.0/path/_common/to_file_url.ts": "7f76adbc83ece1bba173e6e98a27c647712cab773d3f8cbe0398b74afc817883",
    "https://deno.land/std@0.224.0/path/_interface.ts": "8dfeb930ca4a772c458a8c7bbe1e33216fe91c253411338ad80c5b6fa93ddba0",
    "https://deno.land/std@0.224.0/path/_os.ts": "8fb9b90fb6b753bd8c77cfd8a33c2ff6c5f5bc185f50de8ca4ac6a05710b2c15",
    "https://deno.land/std@0.224.0/path/dirname.ts": "85bd955bf31d62c9aafdd7ff561c4b5fb587d11a9a5a45e2b01aedffa4238a7c",
    "https://deno.land/std@0.224.0/path/from_file_url.ts": "911833ae4fd10a1c84f6271f36151ab785955849117dc48c6e43b929504ee069",
    "https://deno.land/std@0.224.0/path/parse.ts": "77ad91dcb235a66c6f504df83087ce2a5471e67d79c402014f6e847389108d5a",
    "https://deno.land/std@0.224.0/path/posix/_util.ts": "1e3937da30f080bfc99fe45d7ed23c47dd8585c5e473b2d771380d3a6937cf9d",
    "https://deno.land/std@0.224.0/path/posix/dirname.ts": "76cd348ffe92345711409f88d4d8561d8645353ac215c8e9c80140069bf42f00",
    "https://deno.land/std@0.224.0/path/posix/from_file_url.ts": "951aee3a2c46fd0ed488899d024c6352b59154c70552e90885ed0c2ab699bc40",
    "https://deno.land/std@0.224.0/path/posix/is_absolute.ts": "cebe561ad0ae294f0ce0365a1879dcfca8abd872821519b4fcc8d8967f888ede",
    "https://deno.land/std@0.224.0/path/posix/parse.ts": "09dfad0cae530f93627202f28c1befa78ea6e751f92f478ca2cc3b56be2cbb6a",
    "https://deno.land/std@0.224.0/path/posix/resolve.ts": "08b699cfeee10cb6857ccab38fa4b2ec703b0ea33e8e69964f29d02a2d5257cf",
    "https://deno.land/std@0.224.0/path/posix/to_file_url.ts": "7aa752ba66a35049e0e4a4be5a0a31ac6b645257d2e031142abb1854de250aaf",
    "https://deno.land/std@0.224.0/path/resolve.ts": "a6f977bdb4272e79d8d0ed4333e3d71367cc3926acf15ac271f1d059c8494d8d",
    "https://deno.land/std@0.224.0/path/to_file_url.ts": "88f049b769bce411e2d2db5bd9e6fd9a185a5fbd6b9f5ad8f52bef517c4ece1b",
    "https://deno.land/std@0.224.0/path/windows/_util.ts": "d5f47363e5293fced22c984550d5e70e98e266cc3f31769e1710511803d04808",
    "https://deno.land/std@0.224.0/path/windows/dirname.ts": "33e421be5a5558a1346a48e74c330b8e560be7424ed7684ea03c12c21b627bc9",
    "https://deno.land/std@0.224.0/path/windows/from_file_url.ts": "ced2d587b6dff18f963f269d745c4a599cf82b0c4007356bd957cb4cb52efc01",
    "https://deno.land/std@0.224.0/path/windows/is_absolute.ts": "4a8f6853f8598cf91a835f41abed42112cebab09478b072e4beb00ec81f8ca8a",
    "https://deno.land/std@0.224.0/path/windows/parse.ts": "08804327b0484d18ab4d6781742bf374976de662f8642e62a67e93346e759707",
    "https://deno.land/std@0.224.0/path/windows/resolve.ts": "8dae1dadfed9d46ff46cc337c9525c0c7d959fb400a6308f34595c45bdca1972",
    "https://deno.land/std@0.224.0/path/windows/to_file_url.ts": "40e560ee4854fe5a3d4d12976cef2f4e8914125c81b11f1108e127934ced502e",
    "https://deno.land/std@0.224.0/testing/snapshot.ts": "35ca1c8e8bfb98d7b7e794f1b7be8d992483fcff572540e41396f22a5bddb944"
  }
}
